# THIS IS AN AUTOGENERATED FILE. DO NOT EDIT THIS FILE DIRECTLY.
# yarn lockfile v1


jsts@^1.5.0:
  version "1.5.0"
  resolved "https://registry.yarnpkg.com/jsts/-/jsts-1.5.0.tgz#72e06219b6c5b8285a7065efbed5bd714546392b"

paralleljs@^0.2.1:
  version "0.2.1"
  resolved "https://registry.yarnpkg.com/paralleljs/-/paralleljs-0.2.1.tgz#ebca745d3e09c01e2bebcc14858891ff4510e926"

quickselect@^1.0.1:
  version "1.0.1"
  resolved "https://registry.yarnpkg.com/quickselect/-/quickselect-1.0.1.tgz#1e6ceaa9db1ca7c75aafcc863c7bef2037ca62a1"

rbush@^2.0.2:
  version "2.0.2"
  resolved "https://registry.yarnpkg.com/rbush/-/rbush-2.0.2.tgz#bb6005c2731b7ba1d5a9a035772927d16a614605"
  dependencies:
    quickselect "^1.0.1"
